// !$*UTF8*$!
{
	archiveVersion = 1;
	classes = {
	};
	objectVersion = 46;
	objects = {

/* Begin PBXBuildFile section */
		0999AFE41DAEEEE700B34AA2 /* main.cpp in Sources */ = {isa = PBXBuildFile; fileRef = 0999AFE31DAEEEE700B34AA2 /* main.cpp */; };
/* End PBXBuildFile section */

/* Begin PBXCopyFilesBuildPhase section */
		0999AFDE1DAEEEE700B34AA2 /* CopyFiles */ = {
			isa = PBXCopyFilesBuildPhase;
			buildActionMask = 2147483647;
			dstPath = /usr/share/man/man1/;
			dstSubfolderSpec = 0;
			files = (
			);
			runOnlyForDeploymentPostprocessing = 1;
		};
/* End PBXCopyFilesBuildPhase section */

/* Begin PBXFileReference section */
		0999AFE01DAEEEE700B34AA2 /* max min avg while */ = {isa = PBXFileReference; explicitFileType = "compiled.mach-o.executable"; includeInIndex = 0; path = "max min avg while"; sourceTree = BUILT_PRODUCTS_DIR; };
		0999AFE31DAEEEE700B34AA2 /* main.cpp */ = {isa = PBXFileReference; lastKnownFileType = sourcecode.cpp.cpp; path = main.cpp; sourceTree = "<group>"; };
/* End PBXFileReference section */

/* Begin PBXFrameworksBuildPhase section */
		0999AFDD1DAEEEE700B34AA2 /* Frameworks */ = {
			isa = PBXFrameworksBuildPhase;
			buildActionMask = 2147483647;
			files = (
			);
			runOnlyForDeploymentPostprocessing = 0;
		};
/* End PBXFrameworksBuildPhase section */

/* Begin PBXGroup section */
		0999AFD71DAEEEE700B34AA2 = {
			isa = PBXGroup;
			children = (
				0999AFE21DAEEEE700B34AA2 /* max min avg while */,
				0999AFE11DAEEEE700B34AA2 /* Products */,
			);
			sourceTree = "<group>";
		};
		0999AFE11DAEEEE700B34AA2 /* Products */ = {
			isa = PBXGroup;
			children = (
				0999AFE01DAEEEE700B34AA2 /* max min avg while */,
			);
			name = Products;
			sourceTree = "<group>";
		};
		0999AFE21DAEEEE700B34AA2 /* max min avg while */ = {
			isa = PBXGroup;
			children = (
				0999AFE31DAEEEE700B34AA2 /* main.cpp */,
			);
			path = "max min avg while";
			sourceTree = "<group>";
		};
/* End PBXGroup section */

/* Begin PBXNativeTarget section */
		0999AFDF1DAEEEE700B34AA2 /* max min avg while */ = {
			isa = PBXNativeTarget;
			buildConfigurationList = 0999AFE71DAEEEE700B34AA2 /* Build configuration list for PBXNativeTarget "max min avg while" */;
			buildPhases = (
				0999AFDC1DAEEEE700B34AA2 /* Sources */,
				0999AFDD1DAEEEE700B34AA2 /* Frameworks */,
				0999AFDE1DAEEEE700B34AA2 /* CopyFiles */,
			);
			buildRules = (
			);
			dependencies = (
			);
			name = "max min avg while";
			productName = "max min avg while";
			productReference = 0999AFE01DAEEEE700B34AA2 /* max min avg while */;
			productType = "com.apple.product-type.tool";
		};
/* End PBXNativeTarget section */

/* Begin PBXProject section */
		0999AFD81DAEEEE700B34AA2 /* Project object */ = {
			isa = PBXProject;
			attributes = {
				LastUpgradeCheck = 0730;
				ORGANIZATIONNAME = "Bhavin Soni";
				TargetAttributes = {
					0999AFDF1DAEEEE700B34AA2 = {
						CreatedOnToolsVersion = 7.3.1;
					};
				};
			};
			buildConfigurationList = 0999AFDB1DAEEEE700B34AA2 /* Build configuration list for PBXProject "max min avg while" */;
			compatibilityVersion = "Xcode 3.2";
			developmentRegion = English;
			hasScannedForEncodings = 0;
			knownRegions = (
				en,
			);
			mainGroup = 0999AFD71DAEEEE700B34AA2;
			productRefGroup = 0999AFE11DAEEEE700B34AA2 /* Products */;
			projectDirPath = "";
			projectRoot = "";
			targets = (
				0999AFDF1DAEEEE700B34AA2 /* max min avg while */,
			);
		};
/* End PBXProject section */

/* Begin PBXSourcesBuildPhase section */
		0999AFDC1DAEEEE700B34AA2 /* Sources */ = {
			isa = PBXSourcesBuildPhase;
			buildActionMask = 2147483647;
			files = (
				0999AFE41DAEEEE700B34AA2 /* main.cpp in Sources */,
			);
			runOnlyForDeploymentPostprocessing = 0;
		};
/* End PBXSourcesBuildPhase section */

/* Begin XCBuildConfiguration section */
		0999AFE51DAEEEE700B34AA2 /* Debug */ = {
			isa = XCBuildConfiguration;
			buildSettings = {
				ALWAYS_SEARCH_USER_PATHS = NO;
				CLANG_ANALYZER_NONNULL = YES;
				CLANG_CXX_LANGUAGE_STANDARD = "gnu++0x";
				CLANG_CXX_LIBRARY = "libc++";
				CLANG_ENABLE_MODULES = YES;
				CLANG_ENABLE_OBJC_ARC = YES;
				CLANG_WARN_BOOL_CONVERSION = YES;
				CLANG_WARN_CONSTANT_CONVERSION = YES;
				CLANG_WARN_DIRECT_OBJC_ISA_USAGE = YES_ERROR;
				CLANG_WARN_EMPTY_BODY = YES;
				CLANG_WARN_ENUM_CONVERSION = YES;
				CLANG_WARN_INT_CONVERSION = YES;
				CLANG_WARN_OBJC_ROOT_CLASS = YES_ERROR;
				CLANG_WARN_UNREACHABLE_CODE = YES;
				CLANG_WARN__DUPLICATE_METHOD_MATCH = YES;
				CODE_SIGN_IDENTITY = "-";
				COPY_PHASE_STRIP = NO;
				DEBUG_INFORMATION_FORMAT = dwarf;
				ENABLE_STRICT_OBJC_MSGSEND = YES;
				ENABLE_TESTABILITY = YES;
				GCC_C_LANGUAGE_STANDARD = gnu99;
				GCC_DYNAMIC_NO_PIC = NO;
				GCC_NO_COMMON_BLOCKS = YES;
				GCC_OPTIMIZATION_LEVEL = 0;
				GCC_PREPROCESSOR_DEFINITIONS = (
					"DEBUG=1",
					"$(inherited)",
				);
				GCC_WARN_64_TO_32_BIT_CONVERSION = YES;
				GCC_WARN_ABOUT_RETURN_TYPE = YES_ERROR;
				GCC_WARN_UNDECLARED_SELECTOR = YES;
				GCC_WARN_UNINITIALIZED_AUTOS = YES_AGGRESSIVE;
				GCC_WARN_UNUSED_FUNCTION = YES;
				GCC_WARN_UNUSED_VARIABLE = YES;
				MACOSX_DEPLOYMENT_TARGET = 10.12;
				MTL_ENABLE_DEBUG_INFO = YES;
				ONLY_ACTIVE_ARCH = YES;
				SDKROOT = macosx;
			};
			name = Debug;
		};
		0999AFE61DAEEEE700B34AA2 /* Release */ = {
			isa = XCBuildConfiguration;
			buildSettings = {
				ALWAYS_SEARCH_USER_PATHS = NO;
				CLANG_ANALYZER_NONNULL = YES;
				CLANG_CXX_LANGUAGE_STANDARD = "gnu++0x";
				CLANG_CXX_LIBRARY = "libc++";
				CLANG_ENABLE_MODULES = YES;
				CLANG_ENABLE_OBJC_ARC = YES;
				CLANG_WARN_BOOL_CONVERSION = YES;
				CLANG_WARN_CONSTANT_CONVERSION = YES;
				CLANG_WARN_DIRECT_OBJC_ISA_USAGE = YES_ERROR;
				CLANG_WARN_EMPTY_BODY = YES;
				CLANG_WARN_ENUM_CONVERSION = YES;
				CLANG_WARN_INT_CONVERSION = YES;
				CLANG_WARN_OBJC_ROOT_CLASS = YES_ERROR;
				CLANG_WARN_UNREACHABLE_CODE = YES;
				CLANG_WARN__DUPLICATE_METHOD_MATCH = YES;
				CODE_SIGN_IDENTITY = "-";
				COPY_PHASE_STRIP = NO;
				DEBUG_INFORMATION_FORMAT = "dwarf-with-dsym";
				ENABLE_NS_ASSERTIONS = NO;
				ENABLE_STRICT_OBJC_MSGSEND = YES;
				GCC_C_LANGUAGE_STANDARD = gnu99;
				GCC_NO_COMMON_BLOCKS = YES;
				GCC_WARN_64_TO_32_BIT_CONVERSION = YES;
				GCC_WARN_ABOUT_RETURN_TYPE = YES_ERROR;
				GCC_WARN_UNDECLARED_SELECTOR = YES;
				GCC_WARN_UNINITIALIZED_AUTOS = YES_AGGRESSIVE;
				GCC_WARN_UNUSED_FUNCTION = YES;
				GCC_WARN_UNUSED_VARIABLE = YES;
				MACOSX_DEPLOYMENT_TARGET = 10.12;
				MTL_ENABLE_DEBUG_INFO = NO;
				SDKROOT = macosx;
			};
			name = Release;
		};
		0999AFE81DAEEEE700B34AA2 /* Debug */ = {
			isa = XCBuildConfiguration;
			buildSettings = {
				PRODUCT_NAME = "$(TARGET_NAME)";
			};
			name = Debug;
		};
		0999AFE91DAEEEE700B34AA2 /* Release */ = {
			isa = XCBuildConfiguration;
			buildSettings = {
				PRODUCT_NAME = "$(TARGET_NAME)";
			};
			name = Release;
		};
/* End XCBuildConfiguration section */

/* Begin XCConfigurationList section */
		0999AFDB1DAEEEE700B34AA2 /* Build configuration list for PBXProject "max min avg while" */ = {
			isa = XCConfigurationList;
			buildConfigurations = (
				0999AFE51DAEEEE700B34AA2 /* Debug */,
				0999AFE61DAEEEE700B34AA2 /* Release */,
			);
			defaultConfigurationIsVisible = 0;
			defaultConfigurationName = Release;
		};
		0999AFE71DAEEEE700B34AA2 /* Build configuration list for PBXNativeTarget "max min avg while" */ = {
			isa = XCConfigurationList;
			buildConfigurations = (
				0999AFE81DAEEEE700B34AA2 /* Debug */,
				0999AFE91DAEEEE700B34AA2 /* Release */,
			);
			defaultConfigurationIsVisible = 0;
		};
/* End XCConfigurationList section */
	};
	rootObject = 0999AFD81DAEEEE700B34AA2 /* Project object */;
}
